
Microsoft Visual Studio Solution File, Format Version 12.00
# Visual Studio Version 16
VisualStudioVersion = 16.0.30413.136
MinimumVisualStudioVersion = 10.0.40219.1
Project("{FAE04EC0-301F-11D3-BF4B-00C04F79EFBC}") = "TrainingDay5", "TrainingDay5\TrainingDay5.csproj", "{39F367FA-ECC6-4695-BBC3-9BA59D3851C3}"
EndProject
Global
	GlobalSection(SolutionConfigurationPlatforms) = preSolution
		Debug|Any CPU = Debug|Any CPU
		Release|Any CPU = Release|Any CPU
	EndGlobalSection
	GlobalSection(ProjectConfigurationPlatforms) = postSolution
		{39F367FA-ECC6-4695-BBC3-9BA59D3851C3}.Debug|Any CPU.ActiveCfg = Debug|Any CPU
		{39F367FA-ECC6-4695-BBC3-9BA59D3851C3}.Debug|Any CPU.Build.0 = Debug|Any CPU
		{39F367FA-ECC6-4695-BBC3-9BA59D3851C3}.Release|Any CPU.ActiveCfg = Release|Any CPU
		{39F367FA-ECC6-4695-BBC3-9BA59D3851C3}.Release|Any CPU.Build.0 = Release|Any CPU
	EndGlobalSection
	GlobalSection(SolutionProperties) = preSolution
		HideSolutionNode = FALSE
	EndGlobalSection
	GlobalSection(ExtensibilityGlobals) = postSolution
		SolutionGuid = {D58C2E05-5D97-4B00-955D-3BCB078D3312}
	EndGlobalSection
EndGlobal
