
Microsoft Visual Studio Solution File, Format Version 12.00
# Visual Studio Version 16
VisualStudioVersion = 16.0.30503.244
MinimumVisualStudioVersion = 10.0.40219.1
Project("{FAE04EC0-301F-11D3-BF4B-00C04F79EFBC}") = "DrawingAdvanced", "DrawingAdvanced\DrawingAdvanced.csproj", "{3ABEC20E-938A-4864-9FC8-F461A3688DEB}"
EndProject
Global
	GlobalSection(SolutionConfigurationPlatforms) = preSolution
		Debug|Any CPU = Debug|Any CPU
		Release|Any CPU = Release|Any CPU
	EndGlobalSection
	GlobalSection(ProjectConfigurationPlatforms) = postSolution
		{3ABEC20E-938A-4864-9FC8-F461A3688DEB}.Debug|Any CPU.ActiveCfg = Debug|Any CPU
		{3ABEC20E-938A-4864-9FC8-F461A3688DEB}.Debug|Any CPU.Build.0 = Debug|Any CPU
		{3ABEC20E-938A-4864-9FC8-F461A3688DEB}.Release|Any CPU.ActiveCfg = Release|Any CPU
		{3ABEC20E-938A-4864-9FC8-F461A3688DEB}.Release|Any CPU.Build.0 = Release|Any CPU
	EndGlobalSection
	GlobalSection(SolutionProperties) = preSolution
		HideSolutionNode = FALSE
	EndGlobalSection
	GlobalSection(ExtensibilityGlobals) = postSolution
		SolutionGuid = {67042274-1D13-4F1A-A0AF-33113CBE06AA}
	EndGlobalSection
EndGlobal
