
Microsoft Visual Studio Solution File, Format Version 12.00
# Visual Studio Version 16
VisualStudioVersion = 16.0.30413.136
MinimumVisualStudioVersion = 10.0.40219.1
Project("{FAE04EC0-301F-11D3-BF4B-00C04F79EFBC}") = "Examples", "Examples\Examples.csproj", "{AA46E967-B1B7-4FAC-B7BD-6D82C59E5A37}"
EndProject
Global
	GlobalSection(SolutionConfigurationPlatforms) = preSolution
		Debug|Any CPU = Debug|Any CPU
		Release|Any CPU = Release|Any CPU
	EndGlobalSection
	GlobalSection(ProjectConfigurationPlatforms) = postSolution
		{AA46E967-B1B7-4FAC-B7BD-6D82C59E5A37}.Debug|Any CPU.ActiveCfg = Debug|Any CPU
		{AA46E967-B1B7-4FAC-B7BD-6D82C59E5A37}.Debug|Any CPU.Build.0 = Debug|Any CPU
		{AA46E967-B1B7-4FAC-B7BD-6D82C59E5A37}.Release|Any CPU.ActiveCfg = Release|Any CPU
		{AA46E967-B1B7-4FAC-B7BD-6D82C59E5A37}.Release|Any CPU.Build.0 = Release|Any CPU
	EndGlobalSection
	GlobalSection(SolutionProperties) = preSolution
		HideSolutionNode = FALSE
	EndGlobalSection
	GlobalSection(ExtensibilityGlobals) = postSolution
		SolutionGuid = {A5A5CDD0-BC1F-42F5-BD9B-F408D75C1449}
	EndGlobalSection
EndGlobal
