
Microsoft Visual Studio Solution File, Format Version 12.00
# Visual Studio Version 16
VisualStudioVersion = 16.0.30717.126
MinimumVisualStudioVersion = 10.0.40219.1
Project("{FAE04EC0-301F-11D3-BF4B-00C04F79EFBC}") = "LibrarianSystem", "Librarian\LibrarianSystem.csproj", "{73B9D289-802E-424A-B816-19F577F719AA}"
EndProject
Global
	GlobalSection(SolutionConfigurationPlatforms) = preSolution
		Debug|Any CPU = Debug|Any CPU
		Release|Any CPU = Release|Any CPU
	EndGlobalSection
	GlobalSection(ProjectConfigurationPlatforms) = postSolution
		{73B9D289-802E-424A-B816-19F577F719AA}.Debug|Any CPU.ActiveCfg = Debug|Any CPU
		{73B9D289-802E-424A-B816-19F577F719AA}.Debug|Any CPU.Build.0 = Debug|Any CPU
		{73B9D289-802E-424A-B816-19F577F719AA}.Release|Any CPU.ActiveCfg = Release|Any CPU
		{73B9D289-802E-424A-B816-19F577F719AA}.Release|Any CPU.Build.0 = Release|Any CPU
	EndGlobalSection
	GlobalSection(SolutionProperties) = preSolution
		HideSolutionNode = FALSE
	EndGlobalSection
	GlobalSection(ExtensibilityGlobals) = postSolution
		SolutionGuid = {BE413851-DF41-432B-A95F-03460C671406}
	EndGlobalSection
EndGlobal
